
Microsoft Visual Studio Solution File, Format Version 12.00
# Visual Studio Version 17
VisualStudioVersion = 17.5.33424.131
MinimumVisualStudioVersion = 10.0.40219.1
Project("{FAE04EC0-301F-11D3-BF4B-00C04F79EFBC}") = "SistemaVenta.Entity", "SistemaVenta.Entity\SistemaVenta.Entity.csproj", "{CBDD702D-C516-4609-A356-F221DAF9FBE4}"
EndProject
Project("{FAE04EC0-301F-11D3-BF4B-00C04F79EFBC}") = "SistemaVenta.DAL", "SistemaVenta.DAL\SistemaVenta.DAL.csproj", "{A36AB0FE-79CF-44F7-A484-0CA10613C1CD}"
EndProject
Project("{FAE04EC0-301F-11D3-BF4B-00C04F79EFBC}") = "SistemaVenta.BLL", "SistemaVenta.BLL\SistemaVenta.BLL.csproj", "{89D54367-67EC-4B5A-ABB3-01D879CAFF8C}"
EndProject
Project("{FAE04EC0-301F-11D3-BF4B-00C04F79EFBC}") = "SistemaVenta.IOC", "SistemaVenta.IOC\SistemaVenta.IOC.csproj", "{94A3F5C8-5A30-4EA3-9502-62EB0117B280}"
EndProject
Project("{FAE04EC0-301F-11D3-BF4B-00C04F79EFBC}") = "SistemaVenta.AplicacionWeb", "SistemaVenta.AplicacionWeb\SistemaVenta.AplicacionWeb.csproj", "{B3002861-1393-4A47-B569-EC8DBB9A4139}"
EndProject
Global
	GlobalSection(SolutionConfigurationPlatforms) = preSolution
		Debug|Any CPU = Debug|Any CPU
		Release|Any CPU = Release|Any CPU
	EndGlobalSection
	GlobalSection(ProjectConfigurationPlatforms) = postSolution
		{CBDD702D-C516-4609-A356-F221DAF9FBE4}.Debug|Any CPU.ActiveCfg = Debug|Any CPU
		{CBDD702D-C516-4609-A356-F221DAF9FBE4}.Debug|Any CPU.Build.0 = Debug|Any CPU
		{CBDD702D-C516-4609-A356-F221DAF9FBE4}.Release|Any CPU.ActiveCfg = Release|Any CPU
		{CBDD702D-C516-4609-A356-F221DAF9FBE4}.Release|Any CPU.Build.0 = Release|Any CPU
		{A36AB0FE-79CF-44F7-A484-0CA10613C1CD}.Debug|Any CPU.ActiveCfg = Debug|Any CPU
		{A36AB0FE-79CF-44F7-A484-0CA10613C1CD}.Debug|Any CPU.Build.0 = Debug|Any CPU
		{A36AB0FE-79CF-44F7-A484-0CA10613C1CD}.Release|Any CPU.ActiveCfg = Release|Any CPU
		{A36AB0FE-79CF-44F7-A484-0CA10613C1CD}.Release|Any CPU.Build.0 = Release|Any CPU
		{89D54367-67EC-4B5A-ABB3-01D879CAFF8C}.Debug|Any CPU.ActiveCfg = Debug|Any CPU
		{89D54367-67EC-4B5A-ABB3-01D879CAFF8C}.Debug|Any CPU.Build.0 = Debug|Any CPU
		{89D54367-67EC-4B5A-ABB3-01D879CAFF8C}.Release|Any CPU.ActiveCfg = Release|Any CPU
		{89D54367-67EC-4B5A-ABB3-01D879CAFF8C}.Release|Any CPU.Build.0 = Release|Any CPU
		{94A3F5C8-5A30-4EA3-9502-62EB0117B280}.Debug|Any CPU.ActiveCfg = Debug|Any CPU
		{94A3F5C8-5A30-4EA3-9502-62EB0117B280}.Debug|Any CPU.Build.0 = Debug|Any CPU
		{94A3F5C8-5A30-4EA3-9502-62EB0117B280}.Release|Any CPU.ActiveCfg = Release|Any CPU
		{94A3F5C8-5A30-4EA3-9502-62EB0117B280}.Release|Any CPU.Build.0 = Release|Any CPU
		{B3002861-1393-4A47-B569-EC8DBB9A4139}.Debug|Any CPU.ActiveCfg = Debug|Any CPU
		{B3002861-1393-4A47-B569-EC8DBB9A4139}.Debug|Any CPU.Build.0 = Debug|Any CPU
		{B3002861-1393-4A47-B569-EC8DBB9A4139}.Release|Any CPU.ActiveCfg = Release|Any CPU
		{B3002861-1393-4A47-B569-EC8DBB9A4139}.Release|Any CPU.Build.0 = Release|Any CPU
	EndGlobalSection
	GlobalSection(SolutionProperties) = preSolution
		HideSolutionNode = FALSE
	EndGlobalSection
	GlobalSection(ExtensibilityGlobals) = postSolution
		SolutionGuid = {3750EDD9-4445-4EEE-917E-BA89164655CC}
	EndGlobalSection
EndGlobal
